<Solution>
  <Project Path="src/UserAdmin.Api/UserAdmin.Api.csproj" />
  <Project Path="src/UserAdmin.Application/UserAdmin.Application.csproj" />
  <Project Path="src/UserAdmin.Domain/UserAdmin.Domain.csproj" />
  <Project Path="src/UserAdmin.Infrustructure/UserAdmin.Infrustructure.csproj" />
</Solution>
