<Solution>
  <Folder Name="/src/">
    <Project Path="src/UserAdmin.Api/UserAdmin.Api.csproj" />
    <Project Path="src/UserAdmin.Application/UserAdmin.Application.csproj" />
    <Project Path="src/UserAdmin.Domain/UserAdmin.Domain.csproj" />
    <Project Path="src/UserAdmin.Infrustructure/UserAdmin.Infrustructure.csproj" />
  </Folder>
  <Folder Name="/tests/">
    <Project Path="src/UnitTests/UnitTests.csproj" />
  </Folder>
</Solution>
